%{"decimal": {:hex, :decimal, "1.1.0"},
  "esqlite": {:hex, :esqlite, "0.2.1"},
  "hackney": {:hex, :hackney, "1.3.2"},
  "httpoison": {:hex, :httpoison, "0.7.3"},
  "idna": {:hex, :idna, "1.0.2"},
  "pipe": {:hex, :pipe, "0.0.2"},
  "sqlitex": {:hex, :sqlitex, "0.8.1"},
  "ssl_verify_hostname": {:hex, :ssl_verify_hostname, "1.0.5"}}
