%{"decimal": {:hex, :decimal, "1.1.0"},
  "ecto": {:hex, :ecto, "1.0.3"},
  "esqlite": {:hex, :esqlite, "0.2.1"},
  "hackney": {:hex, :hackney, "1.3.2"},
  "httpoison": {:hex, :httpoison, "0.7.3"},
  "idna": {:hex, :idna, "1.0.2"},
  "pipe": {:hex, :pipe, "0.0.2"},
  "poison": {:hex, :poison, "1.5.0"},
  "poolboy": {:hex, :poolboy, "1.5.1"},
  "remix": {:hex, :remix, "0.0.1"},
  "sqlite_ecto": {:hex, :sqlite_ecto, "1.0.2"},
  "sqlitex": {:hex, :sqlitex, "0.8.1"},
  "ssl_verify_hostname": {:hex, :ssl_verify_hostname, "1.0.5"}}
